
Microsoft Visual Studio Solution File, Format Version 12.00
# Visual Studio 14
VisualStudioVersion = 14.0.25420.1
MinimumVisualStudioVersion = 10.0.40219.1
Project("{FAE04EC0-301F-11D3-BF4B-00C04F79EFBC}") = "CV.WebAPII", "CV.WebAPII\CV.WebAPII.csproj", "{4CDACD40-2E50-47D6-B884-2AAF02CAE562}"
EndProject
Project("{FAE04EC0-301F-11D3-BF4B-00C04F79EFBC}") = "CV.DAL", "CV.DAL\CV.DAL.csproj", "{1CD17336-3E1E-40AB-A26D-06B0C647F342}"
EndProject
Global
	GlobalSection(SolutionConfigurationPlatforms) = preSolution
		Debug|Any CPU = Debug|Any CPU
		Release|Any CPU = Release|Any CPU
	EndGlobalSection
	GlobalSection(ProjectConfigurationPlatforms) = postSolution
		{4CDACD40-2E50-47D6-B884-2AAF02CAE562}.Debug|Any CPU.ActiveCfg = Debug|Any CPU
		{4CDACD40-2E50-47D6-B884-2AAF02CAE562}.Debug|Any CPU.Build.0 = Debug|Any CPU
		{4CDACD40-2E50-47D6-B884-2AAF02CAE562}.Release|Any CPU.ActiveCfg = Release|Any CPU
		{4CDACD40-2E50-47D6-B884-2AAF02CAE562}.Release|Any CPU.Build.0 = Release|Any CPU
		{1CD17336-3E1E-40AB-A26D-06B0C647F342}.Debug|Any CPU.ActiveCfg = Debug|Any CPU
		{1CD17336-3E1E-40AB-A26D-06B0C647F342}.Debug|Any CPU.Build.0 = Debug|Any CPU
		{1CD17336-3E1E-40AB-A26D-06B0C647F342}.Release|Any CPU.ActiveCfg = Release|Any CPU
		{1CD17336-3E1E-40AB-A26D-06B0C647F342}.Release|Any CPU.Build.0 = Release|Any CPU
	EndGlobalSection
	GlobalSection(SolutionProperties) = preSolution
		HideSolutionNode = FALSE
	EndGlobalSection
EndGlobal
